
Microsoft Visual Studio Solution File, Format Version 12.00
# Visual Studio Version 17
VisualStudioVersion = 17.7.34031.279
MinimumVisualStudioVersion = 10.0.40219.1
Project("{FAE04EC0-301F-11D3-BF4B-00C04F79EFBC}") = "Ex1", "Ex1\Ex1.csproj", "{1898A875-0F2C-4074-A520-60589214B80E}"
EndProject
Global
	GlobalSection(SolutionConfigurationPlatforms) = preSolution
		Debug|Any CPU = Debug|Any CPU
		Release|Any CPU = Release|Any CPU
	EndGlobalSection
	GlobalSection(ProjectConfigurationPlatforms) = postSolution
		{1898A875-0F2C-4074-A520-60589214B80E}.Debug|Any CPU.ActiveCfg = Debug|Any CPU
		{1898A875-0F2C-4074-A520-60589214B80E}.Debug|Any CPU.Build.0 = Debug|Any CPU
		{1898A875-0F2C-4074-A520-60589214B80E}.Release|Any CPU.ActiveCfg = Release|Any CPU
		{1898A875-0F2C-4074-A520-60589214B80E}.Release|Any CPU.Build.0 = Release|Any CPU
	EndGlobalSection
	GlobalSection(SolutionProperties) = preSolution
		HideSolutionNode = FALSE
	EndGlobalSection
	GlobalSection(ExtensibilityGlobals) = postSolution
		SolutionGuid = {47A1116C-AF7C-4D3C-91F2-EBCAE6BCED06}
	EndGlobalSection
EndGlobal
